
Microsoft Visual Studio Solution File, Format Version 12.00
# Visual Studio 15
VisualStudioVersion = 15.0.26730.16
MinimumVisualStudioVersion = 10.0.40219.1
Project("{FAE04EC0-301F-11D3-BF4B-00C04F79EFBC}") = "UserApplication", "UserApplication\UserApplication.csproj", "{72287D6C-6AA4-4D13-8175-B4FDF9B31160}"
EndProject
Project("{FAE04EC0-301F-11D3-BF4B-00C04F79EFBC}") = "UserApplication.Data", "UserApplication.Data\UserApplication.Data.csproj", "{47499AF5-CA6E-4903-B30E-8416066BAEA5}"
EndProject
Global
	GlobalSection(SolutionConfigurationPlatforms) = preSolution
		Debug|Any CPU = Debug|Any CPU
		Release|Any CPU = Release|Any CPU
	EndGlobalSection
	GlobalSection(ProjectConfigurationPlatforms) = postSolution
		{72287D6C-6AA4-4D13-8175-B4FDF9B31160}.Debug|Any CPU.ActiveCfg = Debug|Any CPU
		{72287D6C-6AA4-4D13-8175-B4FDF9B31160}.Debug|Any CPU.Build.0 = Debug|Any CPU
		{72287D6C-6AA4-4D13-8175-B4FDF9B31160}.Release|Any CPU.ActiveCfg = Release|Any CPU
		{72287D6C-6AA4-4D13-8175-B4FDF9B31160}.Release|Any CPU.Build.0 = Release|Any CPU
		{47499AF5-CA6E-4903-B30E-8416066BAEA5}.Debug|Any CPU.ActiveCfg = Debug|Any CPU
		{47499AF5-CA6E-4903-B30E-8416066BAEA5}.Debug|Any CPU.Build.0 = Debug|Any CPU
		{47499AF5-CA6E-4903-B30E-8416066BAEA5}.Release|Any CPU.ActiveCfg = Release|Any CPU
		{47499AF5-CA6E-4903-B30E-8416066BAEA5}.Release|Any CPU.Build.0 = Release|Any CPU
	EndGlobalSection
	GlobalSection(SolutionProperties) = preSolution
		HideSolutionNode = FALSE
	EndGlobalSection
	GlobalSection(ExtensibilityGlobals) = postSolution
		SolutionGuid = {82076148-3537-470A-BE94-A8007C913662}
	EndGlobalSection
EndGlobal
